// !$*UTF8*$!
{
	archiveVersion = 1;
	classes = {
	};
	objectVersion = 55;
	objects = {

/* Begin PBXBuildFile section */
		24A1F872296C6D4A00E83584 /* SearchResultTableViewModel.swift in Sources */ = {isa = PBXBuildFile; fileRef = 24A1F871296C6D4A00E83584 /* SearchResultTableViewModel.swift */; };
		24E71A89296AE2CA000AB607 /* ViewModel.swift in Sources */ = {isa = PBXBuildFile; fileRef = 24E71A88296AE2CA000AB607 /* ViewModel.swift */; };
		BC81DD672967DA04003FCCB5 /* AppDelegate.swift in Sources */ = {isa = PBXBuildFile; fileRef = BC81DD662967DA04003FCCB5 /* AppDelegate.swift */; };
		BC81DD692967DA04003FCCB5 /* SceneDelegate.swift in Sources */ = {isa = PBXBuildFile; fileRef = BC81DD682967DA04003FCCB5 /* SceneDelegate.swift */; };
		BC81DD6B2967DA04003FCCB5 /* ViewController.swift in Sources */ = {isa = PBXBuildFile; fileRef = BC81DD6A2967DA04003FCCB5 /* ViewController.swift */; };
		BC81DD6E2967DA04003FCCB5 /* Main.storyboard in Resources */ = {isa = PBXBuildFile; fileRef = BC81DD6C2967DA04003FCCB5 /* Main.storyboard */; };
		BC81DD702967DA08003FCCB5 /* Assets.xcassets in Resources */ = {isa = PBXBuildFile; fileRef = BC81DD6F2967DA08003FCCB5 /* Assets.xcassets */; };
		BC81DD732967DA08003FCCB5 /* LaunchScreen.storyboard in Resources */ = {isa = PBXBuildFile; fileRef = BC81DD712967DA08003FCCB5 /* LaunchScreen.storyboard */; };
		BC81DD7C2967EF50003FCCB5 /* Codables.swift in Sources */ = {isa = PBXBuildFile; fileRef = BC81DD7B2967EF50003FCCB5 /* Codables.swift */; };
		BCC98547296BD1EF00195A0C /* SearchResultTableViewController.swift in Sources */ = {isa = PBXBuildFile; fileRef = BCC98546296BD1EF00195A0C /* SearchResultTableViewController.swift */; };
/* End PBXBuildFile section */

/* Begin PBXFileReference section */
		24A1F871296C6D4A00E83584 /* SearchResultTableViewModel.swift */ = {isa = PBXFileReference; lastKnownFileType = sourcecode.swift; path = SearchResultTableViewModel.swift; sourceTree = "<group>"; };
		24E71A88296AE2CA000AB607 /* ViewModel.swift */ = {isa = PBXFileReference; lastKnownFileType = sourcecode.swift; path = ViewModel.swift; sourceTree = "<group>"; };
		BC81DD632967DA04003FCCB5 /* AcronymSurfing.app */ = {isa = PBXFileReference; explicitFileType = wrapper.application; includeInIndex = 0; path = AcronymSurfing.app; sourceTree = BUILT_PRODUCTS_DIR; };
		BC81DD662967DA04003FCCB5 /* AppDelegate.swift */ = {isa = PBXFileReference; lastKnownFileType = sourcecode.swift; path = AppDelegate.swift; sourceTree = "<group>"; };
		BC81DD682967DA04003FCCB5 /* SceneDelegate.swift */ = {isa = PBXFileReference; lastKnownFileType = sourcecode.swift; path = SceneDelegate.swift; sourceTree = "<group>"; };
		BC81DD6A2967DA04003FCCB5 /* ViewController.swift */ = {isa = PBXFileReference; lastKnownFileType = sourcecode.swift; path = ViewController.swift; sourceTree = "<group>"; };
		BC81DD6D2967DA04003FCCB5 /* Base */ = {isa = PBXFileReference; lastKnownFileType = file.storyboard; name = Base; path = Base.lproj/Main.storyboard; sourceTree = "<group>"; };
		BC81DD6F2967DA08003FCCB5 /* Assets.xcassets */ = {isa = PBXFileReference; lastKnownFileType = folder.assetcatalog; path = Assets.xcassets; sourceTree = "<group>"; };
		BC81DD722967DA08003FCCB5 /* Base */ = {isa = PBXFileReference; lastKnownFileType = file.storyboard; name = Base; path = Base.lproj/LaunchScreen.storyboard; sourceTree = "<group>"; };
		BC81DD742967DA08003FCCB5 /* Info.plist */ = {isa = PBXFileReference; lastKnownFileType = text.plist.xml; path = Info.plist; sourceTree = "<group>"; };
		BC81DD7B2967EF50003FCCB5 /* Codables.swift */ = {isa = PBXFileReference; lastKnownFileType = sourcecode.swift; path = Codables.swift; sourceTree = "<group>"; };
		BCC98546296BD1EF00195A0C /* SearchResultTableViewController.swift */ = {isa = PBXFileReference; lastKnownFileType = sourcecode.swift; path = SearchResultTableViewController.swift; sourceTree = "<group>"; };
/* End PBXFileReference section */

/* Begin PBXFrameworksBuildPhase section */
		BC81DD602967DA04003FCCB5 /* Frameworks */ = {
			isa = PBXFrameworksBuildPhase;
			buildActionMask = 2147483647;
			files = (
			);
			runOnlyForDeploymentPostprocessing = 0;
		};
/* End PBXFrameworksBuildPhase section */

/* Begin PBXGroup section */
		BC81DD5A2967DA04003FCCB5 = {
			isa = PBXGroup;
			children = (
				BC81DD652967DA04003FCCB5 /* AcronymSurfing */,
				BC81DD642967DA04003FCCB5 /* Products */,
			);
			sourceTree = "<group>";
		};
		BC81DD642967DA04003FCCB5 /* Products */ = {
			isa = PBXGroup;
			children = (
				BC81DD632967DA04003FCCB5 /* AcronymSurfing.app */,
			);
			name = Products;
			sourceTree = "<group>";
		};
		BC81DD652967DA04003FCCB5 /* AcronymSurfing */ = {
			isa = PBXGroup;
			children = (
				BC81DD662967DA04003FCCB5 /* AppDelegate.swift */,
				BC81DD682967DA04003FCCB5 /* SceneDelegate.swift */,
				BC81DD6A2967DA04003FCCB5 /* ViewController.swift */,
				BCC98546296BD1EF00195A0C /* SearchResultTableViewController.swift */,
				24A1F871296C6D4A00E83584 /* SearchResultTableViewModel.swift */,
				24E71A88296AE2CA000AB607 /* ViewModel.swift */,
				BC81DD6C2967DA04003FCCB5 /* Main.storyboard */,
				BC81DD6F2967DA08003FCCB5 /* Assets.xcassets */,
				BC81DD712967DA08003FCCB5 /* LaunchScreen.storyboard */,
				BC81DD742967DA08003FCCB5 /* Info.plist */,
				BC81DD7B2967EF50003FCCB5 /* Codables.swift */,
			);
			path = AcronymSurfing;
			sourceTree = "<group>";
		};
/* End PBXGroup section */

/* Begin PBXNativeTarget section */
		BC81DD622967DA04003FCCB5 /* AcronymSurfing */ = {
			isa = PBXNativeTarget;
			buildConfigurationList = BC81DD772967DA08003FCCB5 /* Build configuration list for PBXNativeTarget "AcronymSurfing" */;
			buildPhases = (
				BC81DD5F2967DA04003FCCB5 /* Sources */,
				BC81DD602967DA04003FCCB5 /* Frameworks */,
				BC81DD612967DA04003FCCB5 /* Resources */,
			);
			buildRules = (
			);
			dependencies = (
			);
			name = AcronymSurfing;
			productName = AcronymSurfing;
			productReference = BC81DD632967DA04003FCCB5 /* AcronymSurfing.app */;
			productType = "com.apple.product-type.application";
		};
/* End PBXNativeTarget section */

/* Begin PBXProject section */
		BC81DD5B2967DA04003FCCB5 /* Project object */ = {
			isa = PBXProject;
			attributes = {
				BuildIndependentTargetsInParallel = 1;
				LastSwiftUpdateCheck = 1340;
				LastUpgradeCheck = 1340;
				TargetAttributes = {
					BC81DD622967DA04003FCCB5 = {
						CreatedOnToolsVersion = 13.4.1;
					};
				};
			};
			buildConfigurationList = BC81DD5E2967DA04003FCCB5 /* Build configuration list for PBXProject "AcronymSurfing" */;
			compatibilityVersion = "Xcode 13.0";
			developmentRegion = en;
			hasScannedForEncodings = 0;
			knownRegions = (
				en,
				Base,
			);
			mainGroup = BC81DD5A2967DA04003FCCB5;
			productRefGroup = BC81DD642967DA04003FCCB5 /* Products */;
			projectDirPath = "";
			projectRoot = "";
			targets = (
				BC81DD622967DA04003FCCB5 /* AcronymSurfing */,
			);
		};
/* End PBXProject section */

/* Begin PBXResourcesBuildPhase section */
		BC81DD612967DA04003FCCB5 /* Resources */ = {
			isa = PBXResourcesBuildPhase;
			buildActionMask = 2147483647;
			files = (
				BC81DD732967DA08003FCCB5 /* LaunchScreen.storyboard in Resources */,
				BC81DD702967DA08003FCCB5 /* Assets.xcassets in Resources */,
				BC81DD6E2967DA04003FCCB5 /* Main.storyboard in Resources */,
			);
			runOnlyForDeploymentPostprocessing = 0;
		};
/* End PBXResourcesBuildPhase section */

/* Begin PBXSourcesBuildPhase section */
		BC81DD5F2967DA04003FCCB5 /* Sources */ = {
			isa = PBXSourcesBuildPhase;
			buildActionMask = 2147483647;
			files = (
				24E71A89296AE2CA000AB607 /* ViewModel.swift in Sources */,
				BC81DD6B2967DA04003FCCB5 /* ViewController.swift in Sources */,
				24A1F872296C6D4A00E83584 /* SearchResultTableViewModel.swift in Sources */,
				BCC98547296BD1EF00195A0C /* SearchResultTableViewController.swift in Sources */,
				BC81DD672967DA04003FCCB5 /* AppDelegate.swift in Sources */,
				BC81DD7C2967EF50003FCCB5 /* Codables.swift in Sources */,
				BC81DD692967DA04003FCCB5 /* SceneDelegate.swift in Sources */,
			);
			runOnlyForDeploymentPostprocessing = 0;
		};
/* End PBXSourcesBuildPhase section */

/* Begin PBXVariantGroup section */
		BC81DD6C2967DA04003FCCB5 /* Main.storyboard */ = {
			isa = PBXVariantGroup;
			children = (
				BC81DD6D2967DA04003FCCB5 /* Base */,
			);
			name = Main.storyboard;
			sourceTree = "<group>";
		};
		BC81DD712967DA08003FCCB5 /* LaunchScreen.storyboard */ = {
			isa = PBXVariantGroup;
			children = (
				BC81DD722967DA08003FCCB5 /* Base */,
			);
			name = LaunchScreen.storyboard;
			sourceTree = "<group>";
		};
/* End PBXVariantGroup section */

/* Begin XCBuildConfiguration section */
		BC81DD752967DA08003FCCB5 /* Debug */ = {
			isa = XCBuildConfiguration;
			buildSettings = {
				ALWAYS_SEARCH_USER_PATHS = NO;
				CLANG_ANALYZER_NONNULL = YES;
				CLANG_ANALYZER_NUMBER_OBJECT_CONVERSION = YES_AGGRESSIVE;
				CLANG_CXX_LANGUAGE_STANDARD = "gnu++17";
				CLANG_ENABLE_MODULES = YES;
				CLANG_ENABLE_OBJC_ARC = YES;
				CLANG_ENABLE_OBJC_WEAK = YES;
				CLANG_WARN_BLOCK_CAPTURE_AUTORELEASING = YES;
				CLANG_WARN_BOOL_CONVERSION = YES;
				CLANG_WARN_COMMA = YES;
				CLANG_WARN_CONSTANT_CONVERSION = YES;
				CLANG_WARN_DEPRECATED_OBJC_IMPLEMENTATIONS = YES;
				CLANG_WARN_DIRECT_OBJC_ISA_USAGE = YES_ERROR;
				CLANG_WARN_DOCUMENTATION_COMMENTS = YES;
				CLANG_WARN_EMPTY_BODY = YES;
				CLANG_WARN_ENUM_CONVERSION = YES;
				CLANG_WARN_INFINITE_RECURSION = YES;
				CLANG_WARN_INT_CONVERSION = YES;
				CLANG_WARN_NON_LITERAL_NULL_CONVERSION = YES;
				CLANG_WARN_OBJC_IMPLICIT_RETAIN_SELF = YES;
				CLANG_WARN_OBJC_LITERAL_CONVERSION = YES;
				CLANG_WARN_OBJC_ROOT_CLASS = YES_ERROR;
				CLANG_WARN_QUOTED_INCLUDE_IN_FRAMEWORK_HEADER = YES;
				CLANG_WARN_RANGE_LOOP_ANALYSIS = YES;
				CLANG_WARN_STRICT_PROTOTYPES = YES;
				CLANG_WARN_SUSPICIOUS_MOVE = YES;
				CLANG_WARN_UNGUARDED_AVAILABILITY = YES_AGGRESSIVE;
				CLANG_WARN_UNREACHABLE_CODE = YES;
				CLANG_WARN__DUPLICATE_METHOD_MATCH = YES;
				COPY_PHASE_STRIP = NO;
				DEBUG_INFORMATION_FORMAT = dwarf;
				ENABLE_STRICT_OBJC_MSGSEND = YES;
				ENABLE_TESTABILITY = YES;
				GCC_C_LANGUAGE_STANDARD = gnu11;
				GCC_DYNAMIC_NO_PIC = NO;
				GCC_NO_COMMON_BLOCKS = YES;
				GCC_OPTIMIZATION_LEVEL = 0;
				GCC_PREPROCESSOR_DEFINITIONS = (
					"DEBUG=1",
					"$(inherited)",
				);
				GCC_WARN_64_TO_32_BIT_CONVERSION = YES;
				GCC_WARN_ABOUT_RETURN_TYPE = YES_ERROR;
				GCC_WARN_UNDECLARED_SELECTOR = YES;
				GCC_WARN_UNINITIALIZED_AUTOS = YES_AGGRESSIVE;
				GCC_WARN_UNUSED_FUNCTION = YES;
				GCC_WARN_UNUSED_VARIABLE = YES;
				IPHONEOS_DEPLOYMENT_TARGET = 15.5;
				MTL_ENABLE_DEBUG_INFO = INCLUDE_SOURCE;
				MTL_FAST_MATH = YES;
				ONLY_ACTIVE_ARCH = YES;
				SDKROOT = iphoneos;
				SWIFT_ACTIVE_COMPILATION_CONDITIONS = DEBUG;
				SWIFT_OPTIMIZATION_LEVEL = "-Onone";
			};
			name = Debug;
		};
		BC81DD762967DA08003FCCB5 /* Release */ = {
			isa = XCBuildConfiguration;
			buildSettings = {
				ALWAYS_SEARCH_USER_PATHS = NO;
				CLANG_ANALYZER_NONNULL = YES;
				CLANG_ANALYZER_NUMBER_OBJECT_CONVERSION = YES_AGGRESSIVE;
				CLANG_CXX_LANGUAGE_STANDARD = "gnu++17";
				CLANG_ENABLE_MODULES = YES;
				CLANG_ENABLE_OBJC_ARC = YES;
				CLANG_ENABLE_OBJC_WEAK = YES;
				CLANG_WARN_BLOCK_CAPTURE_AUTORELEASING = YES;
				CLANG_WARN_BOOL_CONVERSION = YES;
				CLANG_WARN_COMMA = YES;
				CLANG_WARN_CONSTANT_CONVERSION = YES;
				CLANG_WARN_DEPRECATED_OBJC_IMPLEMENTATIONS = YES;
				CLANG_WARN_DIRECT_OBJC_ISA_USAGE = YES_ERROR;
				CLANG_WARN_DOCUMENTATION_COMMENTS = YES;
				CLANG_WARN_EMPTY_BODY = YES;
				CLANG_WARN_ENUM_CONVERSION = YES;
				CLANG_WARN_INFINITE_RECURSION = YES;
				CLANG_WARN_INT_CONVERSION = YES;
				CLANG_WARN_NON_LITERAL_NULL_CONVERSION = YES;
				CLANG_WARN_OBJC_IMPLICIT_RETAIN_SELF = YES;
				CLANG_WARN_OBJC_LITERAL_CONVERSION = YES;
				CLANG_WARN_OBJC_ROOT_CLASS = YES_ERROR;
				CLANG_WARN_QUOTED_INCLUDE_IN_FRAMEWORK_HEADER = YES;
				CLANG_WARN_RANGE_LOOP_ANALYSIS = YES;
				CLANG_WARN_STRICT_PROTOTYPES = YES;
				CLANG_WARN_SUSPICIOUS_MOVE = YES;
				CLANG_WARN_UNGUARDED_AVAILABILITY = YES_AGGRESSIVE;
				CLANG_WARN_UNREACHABLE_CODE = YES;
				CLANG_WARN__DUPLICATE_METHOD_MATCH = YES;
				COPY_PHASE_STRIP = NO;
				DEBUG_INFORMATION_FORMAT = "dwarf-with-dsym";
				ENABLE_NS_ASSERTIONS = NO;
				ENABLE_STRICT_OBJC_MSGSEND = YES;
				GCC_C_LANGUAGE_STANDARD = gnu11;
				GCC_NO_COMMON_BLOCKS = YES;
				GCC_WARN_64_TO_32_BIT_CONVERSION = YES;
				GCC_WARN_ABOUT_RETURN_TYPE = YES_ERROR;
				GCC_WARN_UNDECLARED_SELECTOR = YES;
				GCC_WARN_UNINITIALIZED_AUTOS = YES_AGGRESSIVE;
				GCC_WARN_UNUSED_FUNCTION = YES;
				GCC_WARN_UNUSED_VARIABLE = YES;
				IPHONEOS_DEPLOYMENT_TARGET = 15.5;
				MTL_ENABLE_DEBUG_INFO = NO;
				MTL_FAST_MATH = YES;
				SDKROOT = iphoneos;
				SWIFT_COMPILATION_MODE = wholemodule;
				SWIFT_OPTIMIZATION_LEVEL = "-O";
				VALIDATE_PRODUCT = YES;
			};
			name = Release;
		};
		BC81DD782967DA08003FCCB5 /* Debug */ = {
			isa = XCBuildConfiguration;
			buildSettings = {
				ASSETCATALOG_COMPILER_APPICON_NAME = AppIcon;
				ASSETCATALOG_COMPILER_GLOBAL_ACCENT_COLOR_NAME = AccentColor;
				CODE_SIGN_STYLE = Automatic;
				CURRENT_PROJECT_VERSION = 1;
				DEVELOPMENT_TEAM = LVNS762V82;
				GENERATE_INFOPLIST_FILE = YES;
				INFOPLIST_FILE = AcronymSurfing/Info.plist;
				INFOPLIST_KEY_UIApplicationSupportsIndirectInputEvents = YES;
				INFOPLIST_KEY_UILaunchStoryboardName = LaunchScreen;
				INFOPLIST_KEY_UIMainStoryboardFile = Main;
				INFOPLIST_KEY_UISupportedInterfaceOrientations_iPad = "UIInterfaceOrientationPortrait UIInterfaceOrientationPortraitUpsideDown UIInterfaceOrientationLandscapeLeft UIInterfaceOrientationLandscapeRight";
				INFOPLIST_KEY_UISupportedInterfaceOrientations_iPhone = "UIInterfaceOrientationPortrait UIInterfaceOrientationLandscapeLeft UIInterfaceOrientationLandscapeRight";
				LD_RUNPATH_SEARCH_PATHS = (
					"$(inherited)",
					"@executable_path/Frameworks",
				);
				MARKETING_VERSION = 1.0;
				PRODUCT_BUNDLE_IDENTIFIER = prakash.AcronymSurfing;
				PRODUCT_NAME = "$(TARGET_NAME)";
				SWIFT_EMIT_LOC_STRINGS = YES;
				SWIFT_VERSION = 5.0;
				TARGETED_DEVICE_FAMILY = "1,2";
			};
			name = Debug;
		};
		BC81DD792967DA08003FCCB5 /* Release */ = {
			isa = XCBuildConfiguration;
			buildSettings = {
				ASSETCATALOG_COMPILER_APPICON_NAME = AppIcon;
				ASSETCATALOG_COMPILER_GLOBAL_ACCENT_COLOR_NAME = AccentColor;
				CODE_SIGN_STYLE = Automatic;
				CURRENT_PROJECT_VERSION = 1;
				DEVELOPMENT_TEAM = LVNS762V82;
				GENERATE_INFOPLIST_FILE = YES;
				INFOPLIST_FILE = AcronymSurfing/Info.plist;
				INFOPLIST_KEY_UIApplicationSupportsIndirectInputEvents = YES;
				INFOPLIST_KEY_UILaunchStoryboardName = LaunchScreen;
				INFOPLIST_KEY_UIMainStoryboardFile = Main;
				INFOPLIST_KEY_UISupportedInterfaceOrientations_iPad = "UIInterfaceOrientationPortrait UIInterfaceOrientationPortraitUpsideDown UIInterfaceOrientationLandscapeLeft UIInterfaceOrientationLandscapeRight";
				INFOPLIST_KEY_UISupportedInterfaceOrientations_iPhone = "UIInterfaceOrientationPortrait UIInterfaceOrientationLandscapeLeft UIInterfaceOrientationLandscapeRight";
				LD_RUNPATH_SEARCH_PATHS = (
					"$(inherited)",
					"@executable_path/Frameworks",
				);
				MARKETING_VERSION = 1.0;
				PRODUCT_BUNDLE_IDENTIFIER = prakash.AcronymSurfing;
				PRODUCT_NAME = "$(TARGET_NAME)";
				SWIFT_EMIT_LOC_STRINGS = YES;
				SWIFT_VERSION = 5.0;
				TARGETED_DEVICE_FAMILY = "1,2";
			};
			name = Release;
		};
/* End XCBuildConfiguration section */

/* Begin XCConfigurationList section */
		BC81DD5E2967DA04003FCCB5 /* Build configuration list for PBXProject "AcronymSurfing" */ = {
			isa = XCConfigurationList;
			buildConfigurations = (
				BC81DD752967DA08003FCCB5 /* Debug */,
				BC81DD762967DA08003FCCB5 /* Release */,
			);
			defaultConfigurationIsVisible = 0;
			defaultConfigurationName = Release;
		};
		BC81DD772967DA08003FCCB5 /* Build configuration list for PBXNativeTarget "AcronymSurfing" */ = {
			isa = XCConfigurationList;
			buildConfigurations = (
				BC81DD782967DA08003FCCB5 /* Debug */,
				BC81DD792967DA08003FCCB5 /* Release */,
			);
			defaultConfigurationIsVisible = 0;
			defaultConfigurationName = Release;
		};
/* End XCConfigurationList section */
	};
	rootObject = BC81DD5B2967DA04003FCCB5 /* Project object */;
}
